
Microsoft Visual Studio Solution File, Format Version 12.00
Project("{FAE04EC0-301F-11D3-BF4B-00C04F79EFBC}") = "RazorComp", "RazorComp.csproj", "{D79C9219-47A0-4687-9C8B-D994F562354D}"
EndProject
Global
	GlobalSection(SolutionConfigurationPlatforms) = preSolution
		Debug|Any CPU = Debug|Any CPU
		Release|Any CPU = Release|Any CPU
	EndGlobalSection
	GlobalSection(ProjectConfigurationPlatforms) = postSolution
		{D79C9219-47A0-4687-9C8B-D994F562354D}.Debug|Any CPU.ActiveCfg = Debug|Any CPU
		{D79C9219-47A0-4687-9C8B-D994F562354D}.Debug|Any CPU.Build.0 = Debug|Any CPU
		{D79C9219-47A0-4687-9C8B-D994F562354D}.Release|Any CPU.ActiveCfg = Release|Any CPU
		{D79C9219-47A0-4687-9C8B-D994F562354D}.Release|Any CPU.Build.0 = Release|Any CPU
	EndGlobalSection
EndGlobal
